{
  "version": 4,
  "terraform_version": "1.8.5",
  "serial": 2,
  "lineage": "4e4ca72d-9217-8c60-2e48-5e39d8ff9fa9",
  "outputs": {
    "secret_id": {
      "value": "secret-DB_PASSWORD",
      "type": "string"
    }
  },
  "resources": [
    {
      "mode": "managed",
      "type": "devinsecret_secret",
      "name": "db_password",
      "provider": "provider[\"registry.terraform.io/tobydrinkall/devinsecret\"]",
      "instances": [
        {
          "schema_version": 0,
          "attributes": {
            "created_at": "2025-01-15T10:30:00Z",
            "id": "secret-DB_PASSWORD",
            "name": "DB_PASSWORD",
            "value": "c96ea6d00a9d90c493d970b3b261566bd918c4b6ff412329f8214c2da9d8c6dd",
            "value_sha256": "c96ea6d00a9d90c493d970b3b261566bd918c4b6ff412329f8214c2da9d8c6dd"
          },
          "sensitive_attributes": [
            [
              {
                "type": "get_attr",
                "value": "value"
              }
            ]
          ],
          "private": "bnVsbA=="
        }
      ]
    }
  ],
  "check_results": null
}
